
Microsoft Visual Studio Solution File, Format Version 12.00
# Visual Studio 2013
VisualStudioVersion = 12.0.21005.1
MinimumVisualStudioVersion = 10.0.40219.1
Project("{8BC9CEB8-8B4A-11D0-8D11-00A0C91BC942}") = "candy_10_8", "candy_10_8\candy_10_8.vcxproj", "{18C7BA7F-0BA0-48D7-B6D3-1FFCACC5B691}"
EndProject
Global
	GlobalSection(SolutionConfigurationPlatforms) = preSolution
		Debug|Win32 = Debug|Win32
		Release|Win32 = Release|Win32
	EndGlobalSection
	GlobalSection(ProjectConfigurationPlatforms) = postSolution
		{18C7BA7F-0BA0-48D7-B6D3-1FFCACC5B691}.Debug|Win32.ActiveCfg = Debug|Win32
		{18C7BA7F-0BA0-48D7-B6D3-1FFCACC5B691}.Debug|Win32.Build.0 = Debug|Win32
		{18C7BA7F-0BA0-48D7-B6D3-1FFCACC5B691}.Release|Win32.ActiveCfg = Release|Win32
		{18C7BA7F-0BA0-48D7-B6D3-1FFCACC5B691}.Release|Win32.Build.0 = Release|Win32
	EndGlobalSection
	GlobalSection(SolutionProperties) = preSolution
		HideSolutionNode = FALSE
	EndGlobalSection
EndGlobal
