
Microsoft Visual Studio Solution File, Format Version 12.00
# Visual Studio 2013
VisualStudioVersion = 12.0.21005.1
MinimumVisualStudioVersion = 10.0.40219.1
Project("{8BC9CEB8-8B4A-11D0-8D11-00A0C91BC942}") = "MaximumDepthOfBinaryTree_10_29", "MaximumDepthOfBinaryTree_10_29\MaximumDepthOfBinaryTree_10_29.vcxproj", "{105B48B8-1796-43FD-A8CA-FB8E643B09BE}"
EndProject
Global
	GlobalSection(SolutionConfigurationPlatforms) = preSolution
		Debug|Win32 = Debug|Win32
		Release|Win32 = Release|Win32
	EndGlobalSection
	GlobalSection(ProjectConfigurationPlatforms) = postSolution
		{105B48B8-1796-43FD-A8CA-FB8E643B09BE}.Debug|Win32.ActiveCfg = Debug|Win32
		{105B48B8-1796-43FD-A8CA-FB8E643B09BE}.Debug|Win32.Build.0 = Debug|Win32
		{105B48B8-1796-43FD-A8CA-FB8E643B09BE}.Release|Win32.ActiveCfg = Release|Win32
		{105B48B8-1796-43FD-A8CA-FB8E643B09BE}.Release|Win32.Build.0 = Release|Win32
	EndGlobalSection
	GlobalSection(SolutionProperties) = preSolution
		HideSolutionNode = FALSE
	EndGlobalSection
EndGlobal
