
Microsoft Visual Studio Solution File, Format Version 12.00
# Visual Studio 2013
VisualStudioVersion = 12.0.21005.1
MinimumVisualStudioVersion = 10.0.40219.1
Project("{8BC9CEB8-8B4A-11D0-8D11-00A0C91BC942}") = "SumRootToLeafNumbers_10_30", "SumRootToLeafNumbers_10_30\SumRootToLeafNumbers_10_30.vcxproj", "{15906EA8-2F50-4CE0-AD16-726CB35F07CC}"
EndProject
Global
	GlobalSection(SolutionConfigurationPlatforms) = preSolution
		Debug|Win32 = Debug|Win32
		Release|Win32 = Release|Win32
	EndGlobalSection
	GlobalSection(ProjectConfigurationPlatforms) = postSolution
		{15906EA8-2F50-4CE0-AD16-726CB35F07CC}.Debug|Win32.ActiveCfg = Debug|Win32
		{15906EA8-2F50-4CE0-AD16-726CB35F07CC}.Debug|Win32.Build.0 = Debug|Win32
		{15906EA8-2F50-4CE0-AD16-726CB35F07CC}.Release|Win32.ActiveCfg = Release|Win32
		{15906EA8-2F50-4CE0-AD16-726CB35F07CC}.Release|Win32.Build.0 = Release|Win32
	EndGlobalSection
	GlobalSection(SolutionProperties) = preSolution
		HideSolutionNode = FALSE
	EndGlobalSection
EndGlobal
